
Microsoft Visual Studio Solution File, Format Version 12.00
# Visual Studio Version 17
VisualStudioVersion = 17.0.31912.275
MinimumVisualStudioVersion = 10.0.40219.1
Project("{FAE04EC0-301F-11D3-BF4B-00C04F79EFBC}") = "AlphabetVowelConsonent", "AlphabetVowelConsonent.csproj", "{B421D2BC-1437-4462-B417-D70F4707FE6E}"
EndProject
Global
	GlobalSection(SolutionConfigurationPlatforms) = preSolution
		Debug|Any CPU = Debug|Any CPU
		Release|Any CPU = Release|Any CPU
	EndGlobalSection
	GlobalSection(ProjectConfigurationPlatforms) = postSolution
		{B421D2BC-1437-4462-B417-D70F4707FE6E}.Debug|Any CPU.ActiveCfg = Debug|Any CPU
		{B421D2BC-1437-4462-B417-D70F4707FE6E}.Debug|Any CPU.Build.0 = Debug|Any CPU
		{B421D2BC-1437-4462-B417-D70F4707FE6E}.Release|Any CPU.ActiveCfg = Release|Any CPU
		{B421D2BC-1437-4462-B417-D70F4707FE6E}.Release|Any CPU.Build.0 = Release|Any CPU
	EndGlobalSection
	GlobalSection(SolutionProperties) = preSolution
		HideSolutionNode = FALSE
	EndGlobalSection
	GlobalSection(ExtensibilityGlobals) = postSolution
		SolutionGuid = {9CF21E2C-07C1-4F90-9AA5-347F1DC55211}
	EndGlobalSection
EndGlobal
