
Microsoft Visual Studio Solution File, Format Version 12.00
# Visual Studio Version 17
VisualStudioVersion = 17.0.31912.275
MinimumVisualStudioVersion = 10.0.40219.1
Project("{FAE04EC0-301F-11D3-BF4B-00C04F79EFBC}") = "CheckEvenOddNumber", "CheckEvenOddNumber.csproj", "{F77D7F2B-3756-4B7E-8874-1E9E8BAC4174}"
EndProject
Global
	GlobalSection(SolutionConfigurationPlatforms) = preSolution
		Debug|Any CPU = Debug|Any CPU
		Release|Any CPU = Release|Any CPU
	EndGlobalSection
	GlobalSection(ProjectConfigurationPlatforms) = postSolution
		{F77D7F2B-3756-4B7E-8874-1E9E8BAC4174}.Debug|Any CPU.ActiveCfg = Debug|Any CPU
		{F77D7F2B-3756-4B7E-8874-1E9E8BAC4174}.Debug|Any CPU.Build.0 = Debug|Any CPU
		{F77D7F2B-3756-4B7E-8874-1E9E8BAC4174}.Release|Any CPU.ActiveCfg = Release|Any CPU
		{F77D7F2B-3756-4B7E-8874-1E9E8BAC4174}.Release|Any CPU.Build.0 = Release|Any CPU
	EndGlobalSection
	GlobalSection(SolutionProperties) = preSolution
		HideSolutionNode = FALSE
	EndGlobalSection
	GlobalSection(ExtensibilityGlobals) = postSolution
		SolutionGuid = {53645678-A407-44C8-B300-AD9965DADFF7}
	EndGlobalSection
EndGlobal
